<?xml version="1.0" encoding="utf-8"?>
<Project ToolsVersion="4.0" xmlns="http://schemas.microsoft.com/developer/msbuild/2003">
  <ItemGroup>
    <Filter Include="Assets">
      <UniqueIdentifier>{d7e7d5a7-2d83-4ecd-b040-12d446101926}</UniqueIdentifier>
      <Extensions>qml;js;jpg;png;gif;amd</Extensions>
    </Filter>
    <Filter Include="Config Files">
      <UniqueIdentifier>{a7dd8157-0180-4fa5-97fc-3ab332c1f559}</UniqueIdentifier>
      <Extensions>pri;pro;xml</Extensions>
    </Filter>
    <Filter Include="Source Files">
      <UniqueIdentifier>{7fe8f8a6-0a04-46d2-9aa3-1408c614b497}</UniqueIdentifier>
      <Extensions>cpp;c;cc;cxx;def;bat;h;hpp;hxx;hm;inl;inc;xsd</Extensions>
    </Filter>
    <Filter Include="Translations">
      <UniqueIdentifier>{9306c495-90ac-4ab2-aaa6-03f2f12a3aa9}</UniqueIdentifier>
      <Extensions>ts;qm</Extensions>
    </Filter>
    <Filter Include="Source Files\Common">
      <UniqueIdentifier>{5f332c0b-d992-46cf-8752-43bdddf0e21a}</UniqueIdentifier>
    </Filter>
  </ItemGroup>
  <ItemGroup>
    <None Include="bar-descriptor.xml">
      <Filter>Config Files</Filter>
    </None>
    <None Include="icon.png">
      <Filter>Assets</Filter>
    </None>
  </ItemGroup>
  <ItemGroup>
    <ClCompile Include="src\Simple_VertexShader.c">
      <Filter>Source Files</Filter>
    </ClCompile>
    <ClCompile Include="..\Common\src\esUtil.c">
      <Filter>Source Files\Common</Filter>
    </ClCompile>
    <ClCompile Include="..\Common\src\esUtil_qnx.c">
      <Filter>Source Files\Common</Filter>
    </ClCompile>
    <ClCompile Include="..\Common\src\esUtil_TGA.c">
      <Filter>Source Files\Common</Filter>
    </ClCompile>
    <ClCompile Include="..\Common\src\esShader.c">
      <Filter>Source Files\Common</Filter>
    </ClCompile>
    <ClCompile Include="..\Common\src\esShapes.c">
      <Filter>Source Files\Common</Filter>
    </ClCompile>
    <ClCompile Include="..\Common\src\esTransform.c">
      <Filter>Source Files\Common</Filter>
    </ClCompile>
  </ItemGroup>
  <ItemGroup>
    <ClInclude Include="..\Common\src\esUtil.h">
      <Filter>Source Files\Common</Filter>
    </ClInclude>
    <ClInclude Include="..\Common\src\esUtil_qnx.h">
      <Filter>Source Files\Common</Filter>
    </ClInclude>
  </ItemGroup>
</Project>